# This file was autogenerated by Stack.
# You should not edit this file by hand.
# For more information, please see the documentation at:
#   https://docs.haskellstack.org/en/stable/lock_files

packages:
- completed:
    hackage: string-random-0.1.0.0@sha256:421a99e3330a23ae664a706be4712c5ca0ff188bbd5d95e8a4a1fbf143365b98,2238
    pantry-tree:
      sha256: 4092aa6c08612cf9c07a1f1eea0ae3e42b28bac9e621bf491c781859a70bffcd
      size: 434
  original:
    hackage: string-random-0.1.0.0
- completed:
    hackage: postgresql-simple-migration-0.1.15.0@sha256:123d8f62b0e300aede37e2d6dacc81b9468cb68dc5c3f52fe807085992280aa8,3969
    pantry-tree:
      sha256: 186c759339e91c18b51879a5795f6cf8db2639001eb6b0e7c017d90e5dfa6ab2
      size: 766
  original:
    hackage: postgresql-simple-migration-0.1.15.0
- completed:
    hackage: slugify-0.1.0.1@sha256:0764c30a5d6d6342ca055a97f0a7b4279a26b42b9483b73420d1b364d3f8fb38,1396
    pantry-tree:
      sha256: b7487e9693763afa43969a77686f16177a27faae13876073b4d92f02522dc4a1
      size: 431
  original:
    hackage: slugify-0.1.0.1
- completed:
    hackage: digestive-functors-0.8.4.2@sha256:badff1797b6dcd860a48ed4558985b2f6bec501e1016fa5afd9d7d6b0d8e4c08,3364
    pantry-tree:
      sha256: 53ce82c7f0c60c10009b1b764b537117a4ab402bbe1a147fba5ad2263acb3025
      size: 1682
  original:
    hackage: digestive-functors-0.8.4.2
- completed:
    hackage: digestive-functors-aeson-1.1.27@sha256:a389cfeda1f5f376968b14afc631587abb93172e182b63422b8ddb3d8522c621,1584
    pantry-tree:
      sha256: 7a26dd5aad398f01bf3cb11ff887e9e1054eab1b2bd436b9494720f4be69baba
      size: 346
  original:
    hackage: digestive-functors-aeson-1.1.27
snapshots:
- completed:
    sha256: 428ec8d5ce932190d3cbe266b9eb3c175cd81e984babf876b64019e2cbe4ea68
    size: 590100
    url: https://raw.githubusercontent.com/commercialhaskell/stackage-snapshots/master/lts/18/28.yaml
  original: lts-18.28
